
Microsoft Visual Studio Solution File, Format Version 12.00
# Visual Studio 2013
VisualStudioVersion = 12.0.30501.0
MinimumVisualStudioVersion = 10.0.40219.1
Project("{F2A71F9B-5D33-465A-A702-920D77279786}") = "Fools", "Fools.fsproj", "{2A15C33C-1690-435B-9309-13812BF1606D}"
EndProject
Project("{F2A71F9B-5D33-465A-A702-920D77279786}") = "FoolsTests", "..\FoolsTests\FoolsTests.fsproj", "{AFAC2710-8C0F-4F9D-80AB-3EC3DD89E5AC}"
EndProject
Global
	GlobalSection(SolutionConfigurationPlatforms) = preSolution
		Debug|Any CPU = Debug|Any CPU
		Release|Any CPU = Release|Any CPU
	EndGlobalSection
	GlobalSection(ProjectConfigurationPlatforms) = postSolution
		{2A15C33C-1690-435B-9309-13812BF1606D}.Debug|Any CPU.ActiveCfg = Debug|Any CPU
		{2A15C33C-1690-435B-9309-13812BF1606D}.Debug|Any CPU.Build.0 = Debug|Any CPU
		{2A15C33C-1690-435B-9309-13812BF1606D}.Release|Any CPU.ActiveCfg = Release|Any CPU
		{2A15C33C-1690-435B-9309-13812BF1606D}.Release|Any CPU.Build.0 = Release|Any CPU
		{AFAC2710-8C0F-4F9D-80AB-3EC3DD89E5AC}.Debug|Any CPU.ActiveCfg = Debug|Any CPU
		{AFAC2710-8C0F-4F9D-80AB-3EC3DD89E5AC}.Debug|Any CPU.Build.0 = Debug|Any CPU
		{AFAC2710-8C0F-4F9D-80AB-3EC3DD89E5AC}.Release|Any CPU.ActiveCfg = Release|Any CPU
		{AFAC2710-8C0F-4F9D-80AB-3EC3DD89E5AC}.Release|Any CPU.Build.0 = Release|Any CPU
	EndGlobalSection
	GlobalSection(SolutionProperties) = preSolution
		HideSolutionNode = FALSE
	EndGlobalSection
EndGlobal
